PODS:
  - Branch (0.35.0)
  - FBSDKCoreKit (7.1.1):
    - FBSDKCoreKit/Basics (= 7.1.1)
    - FBSDKCoreKit/Core (= 7.1.1)
  - FBSDKCoreKit/Basics (7.1.1)
  - FBSDKCoreKit/Core (7.1.1):
    - FBSDKCoreKit/Basics

DEPENDENCIES:
  - Branch
  - FBSDKCoreKit

SPEC REPOS:
  trunk:
    - Branch
    - FBSDKCoreKit

SPEC CHECKSUMS:
  Branch: 9a37f707974a128c37829033c49018b79c7e7a2d
  FBSDKCoreKit: b46507dc8b8cefed31d644e74d7cc30e2a715ef8

PODFILE CHECKSUM: 6c4e05f52a8ba537fcc0ee507ebc2d0fd27ac995

COCOAPODS: 1.9.1
