// !$*UTF8*$!
{
	archiveVersion = 1;
	classes = {
	};
	objectVersion = 46;
	objects = {

/* Begin PBXBuildFile section */
		670591EF19BBAC630039DAE1 /* main.m in Sources */ = {isa = PBXBuildFile; fileRef = 670591EE19BBAC630039DAE1 /* main.m */; };
		670591F219BBAC630039DAE1 /* AppDelegate.m in Sources */ = {isa = PBXBuildFile; fileRef = 670591F119BBAC630039DAE1 /* AppDelegate.m */; };
		670591F519BBAC630039DAE1 /* BotViewerViewController.m in Sources */ = {isa = PBXBuildFile; fileRef = 670591F419BBAC630039DAE1 /* BotViewerViewController.m */; };
		670591F819BBAC630039DAE1 /* Main.storyboard in Resources */ = {isa = PBXBuildFile; fileRef = 670591F619BBAC630039DAE1 /* Main.storyboard */; };
		670591FA19BBAC630039DAE1 /* Images.xcassets in Resources */ = {isa = PBXBuildFile; fileRef = 670591F919BBAC630039DAE1 /* Images.xcassets */; };
		6705921019BBB7430039DAE1 /* AdSupport.framework in Frameworks */ = {isa = PBXBuildFile; fileRef = 6705920F19BBB7430039DAE1 /* AdSupport.framework */; };
		6705921F19BBB8AA0039DAE1 /* Branch.m in Sources */ = {isa = PBXBuildFile; fileRef = 6705921419BBB8AA0039DAE1 /* Branch.m */; };
		6705922019BBB8AA0039DAE1 /* BranchServerInterface.m in Sources */ = {isa = PBXBuildFile; fileRef = 6705921619BBB8AA0039DAE1 /* BranchServerInterface.m */; };
		6705922119BBB8AA0039DAE1 /* PreferenceHelper.m in Sources */ = {isa = PBXBuildFile; fileRef = 6705921819BBB8AA0039DAE1 /* PreferenceHelper.m */; };
		6705922219BBB8AA0039DAE1 /* ServerInterface.m in Sources */ = {isa = PBXBuildFile; fileRef = 6705921A19BBB8AA0039DAE1 /* ServerInterface.m */; };
		6705922319BBB8AA0039DAE1 /* ServerRequest.m in Sources */ = {isa = PBXBuildFile; fileRef = 6705921C19BBB8AA0039DAE1 /* ServerRequest.m */; };
		6705922419BBB8AA0039DAE1 /* SystemObserver.m in Sources */ = {isa = PBXBuildFile; fileRef = 6705921E19BBB8AA0039DAE1 /* SystemObserver.m */; };
		6705922719BBB9920039DAE1 /* BotMakerViewController.m in Sources */ = {isa = PBXBuildFile; fileRef = 6705922619BBB9920039DAE1 /* BotMakerViewController.m */; };
		6705922A19BBBD490039DAE1 /* NetworkProgressBar.m in Sources */ = {isa = PBXBuildFile; fileRef = 6705922819BBBD490039DAE1 /* NetworkProgressBar.m */; };
		6705922D19BBBF6D0039DAE1 /* SplashViewController.m in Sources */ = {isa = PBXBuildFile; fileRef = 6705922C19BBBF6D0039DAE1 /* SplashViewController.m */; };
		6705923619BBCDC70039DAE1 /* RobotPreferences.m in Sources */ = {isa = PBXBuildFile; fileRef = 6705923519BBCDC70039DAE1 /* RobotPreferences.m */; };
		6705923919BBCFB40039DAE1 /* RobotPartsFactory.m in Sources */ = {isa = PBXBuildFile; fileRef = 6705923819BBCFB40039DAE1 /* RobotPartsFactory.m */; };
		6705923B19BBD0060039DAE1 /* UIKit.framework in Frameworks */ = {isa = PBXBuildFile; fileRef = 6705923A19BBD0060039DAE1 /* UIKit.framework */; };
		6705923E19BBE22D0039DAE1 /* MessageUI.framework in Frameworks */ = {isa = PBXBuildFile; fileRef = 6705923D19BBE22D0039DAE1 /* MessageUI.framework */; };
		6705924019BBEBC40039DAE1 /* Social.framework in Frameworks */ = {isa = PBXBuildFile; fileRef = 6705923F19BBEBC40039DAE1 /* Social.framework */; };
		6705924719BBF4B40039DAE1 /* 1body.png in Resources */ = {isa = PBXBuildFile; fileRef = 6705924219BBF4B40039DAE1 /* 1body.png */; };
		6705924819BBF4B40039DAE1 /* 0body.png in Resources */ = {isa = PBXBuildFile; fileRef = 6705924319BBF4B40039DAE1 /* 0body.png */; };
		6705924919BBF4B40039DAE1 /* 3body.png in Resources */ = {isa = PBXBuildFile; fileRef = 6705924419BBF4B40039DAE1 /* 3body.png */; };
		6705924A19BBF4B40039DAE1 /* 4body.png in Resources */ = {isa = PBXBuildFile; fileRef = 6705924519BBF4B40039DAE1 /* 4body.png */; };
		6705924B19BBF4B40039DAE1 /* 2body.png in Resources */ = {isa = PBXBuildFile; fileRef = 6705924619BBF4B40039DAE1 /* 2body.png */; };
		6705925119BC20FB0039DAE1 /* face0.png in Resources */ = {isa = PBXBuildFile; fileRef = 6705924C19BC20FB0039DAE1 /* face0.png */; };
		6705925219BC20FB0039DAE1 /* face1.png in Resources */ = {isa = PBXBuildFile; fileRef = 6705924D19BC20FB0039DAE1 /* face1.png */; };
		6705925319BC20FB0039DAE1 /* face2.png in Resources */ = {isa = PBXBuildFile; fileRef = 6705924E19BC20FB0039DAE1 /* face2.png */; };
		6705925419BC20FB0039DAE1 /* face3.png in Resources */ = {isa = PBXBuildFile; fileRef = 6705924F19BC20FB0039DAE1 /* face3.png */; };
		6705925519BC20FB0039DAE1 /* face4.png in Resources */ = {isa = PBXBuildFile; fileRef = 6705925019BC20FB0039DAE1 /* face4.png */; };
		6705925E19BC225D0039DAE1 /* email_pressed.png in Resources */ = {isa = PBXBuildFile; fileRef = 6705925619BC225D0039DAE1 /* email_pressed.png */; };
		6705925F19BC225D0039DAE1 /* email_share.png in Resources */ = {isa = PBXBuildFile; fileRef = 6705925719BC225D0039DAE1 /* email_share.png */; };
		6705926019BC225D0039DAE1 /* facebook_pressed.png in Resources */ = {isa = PBXBuildFile; fileRef = 6705925819BC225D0039DAE1 /* facebook_pressed.png */; };
		6705926119BC225D0039DAE1 /* facebook_share.png in Resources */ = {isa = PBXBuildFile; fileRef = 6705925919BC225D0039DAE1 /* facebook_share.png */; };
		6705926219BC225D0039DAE1 /* text_pressed.png in Resources */ = {isa = PBXBuildFile; fileRef = 6705925A19BC225D0039DAE1 /* text_pressed.png */; };
		6705926319BC225D0039DAE1 /* text_share.png in Resources */ = {isa = PBXBuildFile; fileRef = 6705925B19BC225D0039DAE1 /* text_share.png */; };
		6705926419BC225D0039DAE1 /* twitter_pressed.png in Resources */ = {isa = PBXBuildFile; fileRef = 6705925C19BC225D0039DAE1 /* twitter_pressed.png */; };
		6705926519BC225D0039DAE1 /* twitter_share.png in Resources */ = {isa = PBXBuildFile; fileRef = 6705925D19BC225D0039DAE1 /* twitter_share.png */; };
		6705926E19BC228A0039DAE1 /* down_pressed.png in Resources */ = {isa = PBXBuildFile; fileRef = 6705926619BC228A0039DAE1 /* down_pressed.png */; };
		6705926F19BC228A0039DAE1 /* down.png in Resources */ = {isa = PBXBuildFile; fileRef = 6705926719BC228A0039DAE1 /* down.png */; };
		6705927019BC228A0039DAE1 /* left_pressed.png in Resources */ = {isa = PBXBuildFile; fileRef = 6705926819BC228A0039DAE1 /* left_pressed.png */; };
		6705927119BC228A0039DAE1 /* left.png in Resources */ = {isa = PBXBuildFile; fileRef = 6705926919BC228A0039DAE1 /* left.png */; };
		6705927219BC228A0039DAE1 /* right_pressed.png in Resources */ = {isa = PBXBuildFile; fileRef = 6705926A19BC228A0039DAE1 /* right_pressed.png */; };
		6705927319BC228A0039DAE1 /* right.png in Resources */ = {isa = PBXBuildFile; fileRef = 6705926B19BC228A0039DAE1 /* right.png */; };
		6705927419BC228A0039DAE1 /* up_pressed.png in Resources */ = {isa = PBXBuildFile; fileRef = 6705926C19BC228A0039DAE1 /* up_pressed.png */; };
		6705927519BC228A0039DAE1 /* up.png in Resources */ = {isa = PBXBuildFile; fileRef = 6705926D19BC228A0039DAE1 /* up.png */; };
		6705927819BC3C090039DAE1 /* ImageCollectionViewCell.m in Sources */ = {isa = PBXBuildFile; fileRef = 6705927719BC3C090039DAE1 /* ImageCollectionViewCell.m */; };
		671EEB1F19C0972100C5A0F2 /* FacebookSDK.framework in Frameworks */ = {isa = PBXBuildFile; fileRef = 671EEB1E19C0972100C5A0F2 /* FacebookSDK.framework */; };
		67F7C24119BE930E008ED59F /* 250.png in Resources */ = {isa = PBXBuildFile; fileRef = 67F7C23E19BE930E008ED59F /* 250.png */; };
		67F7C24219BE930E008ED59F /* 400.png in Resources */ = {isa = PBXBuildFile; fileRef = 67F7C23F19BE930E008ED59F /* 400.png */; };
		67F7C24319BE930E008ED59F /* splashfactory.png in Resources */ = {isa = PBXBuildFile; fileRef = 67F7C24019BE930E008ED59F /* splashfactory.png */; };
		67F7C24519BE9842008ED59F /* branchster.png in Resources */ = {isa = PBXBuildFile; fileRef = 67F7C24419BE9842008ED59F /* branchster.png */; };
		67F7C26219BE9FEA008ED59F /* Icon-72.png in Resources */ = {isa = PBXBuildFile; fileRef = 67F7C24719BE9FEA008ED59F /* Icon-72.png */; };
		67F7C26319BE9FEA008ED59F /* Icon-72@2x.png in Resources */ = {isa = PBXBuildFile; fileRef = 67F7C24819BE9FEA008ED59F /* Icon-72@2x.png */; };
		67F7C26419BE9FEA008ED59F /* Icon-Small-50.png in Resources */ = {isa = PBXBuildFile; fileRef = 67F7C24919BE9FEA008ED59F /* Icon-Small-50.png */; };
		67F7C26519BE9FEA008ED59F /* Icon-Small-50@2x.png in Resources */ = {isa = PBXBuildFile; fileRef = 67F7C24A19BE9FEA008ED59F /* Icon-Small-50@2x.png */; };
		67F7C26619BE9FEA008ED59F /* Icon-Small.png in Resources */ = {isa = PBXBuildFile; fileRef = 67F7C24B19BE9FEA008ED59F /* Icon-Small.png */; };
		67F7C26719BE9FEA008ED59F /* Icon-Small@2x.png in Resources */ = {isa = PBXBuildFile; fileRef = 67F7C24C19BE9FEA008ED59F /* Icon-Small@2x.png */; };
		67F7C26819BE9FEA008ED59F /* Icon.png in Resources */ = {isa = PBXBuildFile; fileRef = 67F7C24D19BE9FEA008ED59F /* Icon.png */; };
		67F7C26919BE9FEA008ED59F /* Icon@2x.png in Resources */ = {isa = PBXBuildFile; fileRef = 67F7C24E19BE9FEA008ED59F /* Icon@2x.png */; };
		67F7C26C19BE9FEA008ED59F /* Icon-40.png in Resources */ = {isa = PBXBuildFile; fileRef = 67F7C25219BE9FEA008ED59F /* Icon-40.png */; };
		67F7C26D19BE9FEA008ED59F /* Icon-40@2x.png in Resources */ = {isa = PBXBuildFile; fileRef = 67F7C25319BE9FEA008ED59F /* Icon-40@2x.png */; };
		67F7C26E19BE9FEA008ED59F /* Icon-60.png in Resources */ = {isa = PBXBuildFile; fileRef = 67F7C25419BE9FEA008ED59F /* Icon-60.png */; };
		67F7C26F19BE9FEA008ED59F /* Icon-60@2x.png in Resources */ = {isa = PBXBuildFile; fileRef = 67F7C25519BE9FEA008ED59F /* Icon-60@2x.png */; };
		67F7C27219BE9FEA008ED59F /* Icon-76.png in Resources */ = {isa = PBXBuildFile; fileRef = 67F7C25819BE9FEA008ED59F /* Icon-76.png */; };
		67F7C27319BE9FEA008ED59F /* Icon-76@2x.png in Resources */ = {isa = PBXBuildFile; fileRef = 67F7C25919BE9FEA008ED59F /* Icon-76@2x.png */; };
		67F7C27A19BE9FEA008ED59F /* iTunesArtwork.png in Resources */ = {isa = PBXBuildFile; fileRef = 67F7C26019BE9FEA008ED59F /* iTunesArtwork.png */; };
		67F7C27B19BE9FEA008ED59F /* iTunesArtwork@2x.png in Resources */ = {isa = PBXBuildFile; fileRef = 67F7C26119BE9FEA008ED59F /* iTunesArtwork@2x.png */; };
/* End PBXBuildFile section */

/* Begin PBXFileReference section */
		670591E919BBAC630039DAE1 /* Branchsters.app */ = {isa = PBXFileReference; explicitFileType = wrapper.application; includeInIndex = 0; path = Branchsters.app; sourceTree = BUILT_PRODUCTS_DIR; };
		670591ED19BBAC630039DAE1 /* Info.plist */ = {isa = PBXFileReference; lastKnownFileType = text.plist.xml; path = Info.plist; sourceTree = "<group>"; };
		670591EE19BBAC630039DAE1 /* main.m */ = {isa = PBXFileReference; lastKnownFileType = sourcecode.c.objc; path = main.m; sourceTree = "<group>"; };
		670591F019BBAC630039DAE1 /* AppDelegate.h */ = {isa = PBXFileReference; lastKnownFileType = sourcecode.c.h; path = AppDelegate.h; sourceTree = "<group>"; };
		670591F119BBAC630039DAE1 /* AppDelegate.m */ = {isa = PBXFileReference; lastKnownFileType = sourcecode.c.objc; path = AppDelegate.m; sourceTree = "<group>"; };
		670591F319BBAC630039DAE1 /* BotViewerViewController.h */ = {isa = PBXFileReference; lastKnownFileType = sourcecode.c.h; path = BotViewerViewController.h; sourceTree = "<group>"; };
		670591F419BBAC630039DAE1 /* BotViewerViewController.m */ = {isa = PBXFileReference; lastKnownFileType = sourcecode.c.objc; path = BotViewerViewController.m; sourceTree = "<group>"; };
		670591F719BBAC630039DAE1 /* Base */ = {isa = PBXFileReference; lastKnownFileType = file.storyboard; name = Base; path = Base.lproj/Main.storyboard; sourceTree = "<group>"; };
		670591F919BBAC630039DAE1 /* Images.xcassets */ = {isa = PBXFileReference; lastKnownFileType = folder.assetcatalog; path = Images.xcassets; sourceTree = "<group>"; };
		6705920F19BBB7430039DAE1 /* AdSupport.framework */ = {isa = PBXFileReference; lastKnownFileType = wrapper.framework; name = AdSupport.framework; path = System/Library/Frameworks/AdSupport.framework; sourceTree = SDKROOT; };
		6705921319BBB8AA0039DAE1 /* Branch.h */ = {isa = PBXFileReference; fileEncoding = 4; lastKnownFileType = sourcecode.c.h; path = Branch.h; sourceTree = "<group>"; };
		6705921419BBB8AA0039DAE1 /* Branch.m */ = {isa = PBXFileReference; fileEncoding = 4; lastKnownFileType = sourcecode.c.objc; path = Branch.m; sourceTree = "<group>"; };
		6705921519BBB8AA0039DAE1 /* BranchServerInterface.h */ = {isa = PBXFileReference; fileEncoding = 4; lastKnownFileType = sourcecode.c.h; path = BranchServerInterface.h; sourceTree = "<group>"; };
		6705921619BBB8AA0039DAE1 /* BranchServerInterface.m */ = {isa = PBXFileReference; fileEncoding = 4; lastKnownFileType = sourcecode.c.objc; path = BranchServerInterface.m; sourceTree = "<group>"; };
		6705921719BBB8AA0039DAE1 /* PreferenceHelper.h */ = {isa = PBXFileReference; fileEncoding = 4; lastKnownFileType = sourcecode.c.h; path = PreferenceHelper.h; sourceTree = "<group>"; };
		6705921819BBB8AA0039DAE1 /* PreferenceHelper.m */ = {isa = PBXFileReference; fileEncoding = 4; lastKnownFileType = sourcecode.c.objc; path = PreferenceHelper.m; sourceTree = "<group>"; };
		6705921919BBB8AA0039DAE1 /* ServerInterface.h */ = {isa = PBXFileReference; fileEncoding = 4; lastKnownFileType = sourcecode.c.h; path = ServerInterface.h; sourceTree = "<group>"; };
		6705921A19BBB8AA0039DAE1 /* ServerInterface.m */ = {isa = PBXFileReference; fileEncoding = 4; lastKnownFileType = sourcecode.c.objc; path = ServerInterface.m; sourceTree = "<group>"; };
		6705921B19BBB8AA0039DAE1 /* ServerRequest.h */ = {isa = PBXFileReference; fileEncoding = 4; lastKnownFileType = sourcecode.c.h; path = ServerRequest.h; sourceTree = "<group>"; };
		6705921C19BBB8AA0039DAE1 /* ServerRequest.m */ = {isa = PBXFileReference; fileEncoding = 4; lastKnownFileType = sourcecode.c.objc; path = ServerRequest.m; sourceTree = "<group>"; };
		6705921D19BBB8AA0039DAE1 /* SystemObserver.h */ = {isa = PBXFileReference; fileEncoding = 4; lastKnownFileType = sourcecode.c.h; path = SystemObserver.h; sourceTree = "<group>"; };
		6705921E19BBB8AA0039DAE1 /* SystemObserver.m */ = {isa = PBXFileReference; fileEncoding = 4; lastKnownFileType = sourcecode.c.objc; path = SystemObserver.m; sourceTree = "<group>"; };
		6705922519BBB9920039DAE1 /* BotMakerViewController.h */ = {isa = PBXFileReference; fileEncoding = 4; lastKnownFileType = sourcecode.c.h; path = BotMakerViewController.h; sourceTree = "<group>"; };
		6705922619BBB9920039DAE1 /* BotMakerViewController.m */ = {isa = PBXFileReference; fileEncoding = 4; lastKnownFileType = sourcecode.c.objc; path = BotMakerViewController.m; sourceTree = "<group>"; };
		6705922819BBBD490039DAE1 /* NetworkProgressBar.m */ = {isa = PBXFileReference; fileEncoding = 4; lastKnownFileType = sourcecode.c.objc; path = NetworkProgressBar.m; sourceTree = "<group>"; };
		6705922919BBBD490039DAE1 /* NetworkProgressBar.h */ = {isa = PBXFileReference; fileEncoding = 4; lastKnownFileType = sourcecode.c.h; path = NetworkProgressBar.h; sourceTree = "<group>"; };
		6705922B19BBBF6D0039DAE1 /* SplashViewController.h */ = {isa = PBXFileReference; fileEncoding = 4; lastKnownFileType = sourcecode.c.h; path = SplashViewController.h; sourceTree = "<group>"; };
		6705922C19BBBF6D0039DAE1 /* SplashViewController.m */ = {isa = PBXFileReference; fileEncoding = 4; lastKnownFileType = sourcecode.c.objc; path = SplashViewController.m; sourceTree = "<group>"; };
		6705923419BBCDC70039DAE1 /* RobotPreferences.h */ = {isa = PBXFileReference; fileEncoding = 4; lastKnownFileType = sourcecode.c.h; path = RobotPreferences.h; sourceTree = "<group>"; };
		6705923519BBCDC70039DAE1 /* RobotPreferences.m */ = {isa = PBXFileReference; fileEncoding = 4; lastKnownFileType = sourcecode.c.objc; path = RobotPreferences.m; sourceTree = "<group>"; };
		6705923719BBCFB40039DAE1 /* RobotPartsFactory.h */ = {isa = PBXFileReference; fileEncoding = 4; lastKnownFileType = sourcecode.c.h; path = RobotPartsFactory.h; sourceTree = "<group>"; };
		6705923819BBCFB40039DAE1 /* RobotPartsFactory.m */ = {isa = PBXFileReference; fileEncoding = 4; lastKnownFileType = sourcecode.c.objc; path = RobotPartsFactory.m; sourceTree = "<group>"; };
		6705923A19BBD0060039DAE1 /* UIKit.framework */ = {isa = PBXFileReference; lastKnownFileType = wrapper.framework; name = UIKit.framework; path = System/Library/Frameworks/UIKit.framework; sourceTree = SDKROOT; };
		6705923D19BBE22D0039DAE1 /* MessageUI.framework */ = {isa = PBXFileReference; lastKnownFileType = wrapper.framework; name = MessageUI.framework; path = System/Library/Frameworks/MessageUI.framework; sourceTree = SDKROOT; };
		6705923F19BBEBC40039DAE1 /* Social.framework */ = {isa = PBXFileReference; lastKnownFileType = wrapper.framework; name = Social.framework; path = System/Library/Frameworks/Social.framework; sourceTree = SDKROOT; };
		6705924219BBF4B40039DAE1 /* 1body.png */ = {isa = PBXFileReference; lastKnownFileType = image.png; path = 1body.png; sourceTree = "<group>"; };
		6705924319BBF4B40039DAE1 /* 0body.png */ = {isa = PBXFileReference; lastKnownFileType = image.png; path = 0body.png; sourceTree = "<group>"; };
		6705924419BBF4B40039DAE1 /* 3body.png */ = {isa = PBXFileReference; lastKnownFileType = image.png; path = 3body.png; sourceTree = "<group>"; };
		6705924519BBF4B40039DAE1 /* 4body.png */ = {isa = PBXFileReference; lastKnownFileType = image.png; path = 4body.png; sourceTree = "<group>"; };
		6705924619BBF4B40039DAE1 /* 2body.png */ = {isa = PBXFileReference; lastKnownFileType = image.png; path = 2body.png; sourceTree = "<group>"; };
		6705924C19BC20FB0039DAE1 /* face0.png */ = {isa = PBXFileReference; lastKnownFileType = image.png; path = face0.png; sourceTree = "<group>"; };
		6705924D19BC20FB0039DAE1 /* face1.png */ = {isa = PBXFileReference; lastKnownFileType = image.png; path = face1.png; sourceTree = "<group>"; };
		6705924E19BC20FB0039DAE1 /* face2.png */ = {isa = PBXFileReference; lastKnownFileType = image.png; path = face2.png; sourceTree = "<group>"; };
		6705924F19BC20FB0039DAE1 /* face3.png */ = {isa = PBXFileReference; lastKnownFileType = image.png; path = face3.png; sourceTree = "<group>"; };
		6705925019BC20FB0039DAE1 /* face4.png */ = {isa = PBXFileReference; lastKnownFileType = image.png; path = face4.png; sourceTree = "<group>"; };
		6705925619BC225D0039DAE1 /* email_pressed.png */ = {isa = PBXFileReference; lastKnownFileType = image.png; path = email_pressed.png; sourceTree = "<group>"; };
		6705925719BC225D0039DAE1 /* email_share.png */ = {isa = PBXFileReference; lastKnownFileType = image.png; path = email_share.png; sourceTree = "<group>"; };
		6705925819BC225D0039DAE1 /* facebook_pressed.png */ = {isa = PBXFileReference; lastKnownFileType = image.png; path = facebook_pressed.png; sourceTree = "<group>"; };
		6705925919BC225D0039DAE1 /* facebook_share.png */ = {isa = PBXFileReference; lastKnownFileType = image.png; path = facebook_share.png; sourceTree = "<group>"; };
		6705925A19BC225D0039DAE1 /* text_pressed.png */ = {isa = PBXFileReference; lastKnownFileType = image.png; path = text_pressed.png; sourceTree = "<group>"; };
		6705925B19BC225D0039DAE1 /* text_share.png */ = {isa = PBXFileReference; lastKnownFileType = image.png; path = text_share.png; sourceTree = "<group>"; };
		6705925C19BC225D0039DAE1 /* twitter_pressed.png */ = {isa = PBXFileReference; lastKnownFileType = image.png; path = twitter_pressed.png; sourceTree = "<group>"; };
		6705925D19BC225D0039DAE1 /* twitter_share.png */ = {isa = PBXFileReference; lastKnownFileType = image.png; path = twitter_share.png; sourceTree = "<group>"; };
		6705926619BC228A0039DAE1 /* down_pressed.png */ = {isa = PBXFileReference; lastKnownFileType = image.png; path = down_pressed.png; sourceTree = "<group>"; };
		6705926719BC228A0039DAE1 /* down.png */ = {isa = PBXFileReference; lastKnownFileType = image.png; path = down.png; sourceTree = "<group>"; };
		6705926819BC228A0039DAE1 /* left_pressed.png */ = {isa = PBXFileReference; lastKnownFileType = image.png; path = left_pressed.png; sourceTree = "<group>"; };
		6705926919BC228A0039DAE1 /* left.png */ = {isa = PBXFileReference; lastKnownFileType = image.png; path = left.png; sourceTree = "<group>"; };
		6705926A19BC228A0039DAE1 /* right_pressed.png */ = {isa = PBXFileReference; lastKnownFileType = image.png; path = right_pressed.png; sourceTree = "<group>"; };
		6705926B19BC228A0039DAE1 /* right.png */ = {isa = PBXFileReference; lastKnownFileType = image.png; path = right.png; sourceTree = "<group>"; };
		6705926C19BC228A0039DAE1 /* up_pressed.png */ = {isa = PBXFileReference; lastKnownFileType = image.png; path = up_pressed.png; sourceTree = "<group>"; };
		6705926D19BC228A0039DAE1 /* up.png */ = {isa = PBXFileReference; lastKnownFileType = image.png; path = up.png; sourceTree = "<group>"; };
		6705927619BC3C090039DAE1 /* ImageCollectionViewCell.h */ = {isa = PBXFileReference; fileEncoding = 4; lastKnownFileType = sourcecode.c.h; path = ImageCollectionViewCell.h; sourceTree = "<group>"; };
		6705927719BC3C090039DAE1 /* ImageCollectionViewCell.m */ = {isa = PBXFileReference; fileEncoding = 4; lastKnownFileType = sourcecode.c.objc; path = ImageCollectionViewCell.m; sourceTree = "<group>"; };
		671EEB1E19C0972100C5A0F2 /* FacebookSDK.framework */ = {isa = PBXFileReference; lastKnownFileType = wrapper.framework; name = FacebookSDK.framework; path = BranchBots/FacebookSDK.framework; sourceTree = "<group>"; };
		67F7C23E19BE930E008ED59F /* 250.png */ = {isa = PBXFileReference; lastKnownFileType = image.png; path = 250.png; sourceTree = "<group>"; };
		67F7C23F19BE930E008ED59F /* 400.png */ = {isa = PBXFileReference; lastKnownFileType = image.png; path = 400.png; sourceTree = "<group>"; };
		67F7C24019BE930E008ED59F /* splashfactory.png */ = {isa = PBXFileReference; lastKnownFileType = image.png; path = splashfactory.png; sourceTree = "<group>"; };
		67F7C24419BE9842008ED59F /* branchster.png */ = {isa = PBXFileReference; lastKnownFileType = image.png; path = branchster.png; sourceTree = "<group>"; };
		67F7C24719BE9FEA008ED59F /* Icon-72.png */ = {isa = PBXFileReference; lastKnownFileType = image.png; path = "Icon-72.png"; sourceTree = "<group>"; };
		67F7C24819BE9FEA008ED59F /* Icon-72@2x.png */ = {isa = PBXFileReference; lastKnownFileType = image.png; path = "Icon-72@2x.png"; sourceTree = "<group>"; };
		67F7C24919BE9FEA008ED59F /* Icon-Small-50.png */ = {isa = PBXFileReference; lastKnownFileType = image.png; path = "Icon-Small-50.png"; sourceTree = "<group>"; };
		67F7C24A19BE9FEA008ED59F /* Icon-Small-50@2x.png */ = {isa = PBXFileReference; lastKnownFileType = image.png; path = "Icon-Small-50@2x.png"; sourceTree = "<group>"; };
		67F7C24B19BE9FEA008ED59F /* Icon-Small.png */ = {isa = PBXFileReference; lastKnownFileType = image.png; path = "Icon-Small.png"; sourceTree = "<group>"; };
		67F7C24C19BE9FEA008ED59F /* Icon-Small@2x.png */ = {isa = PBXFileReference; lastKnownFileType = image.png; path = "Icon-Small@2x.png"; sourceTree = "<group>"; };
		67F7C24D19BE9FEA008ED59F /* Icon.png */ = {isa = PBXFileReference; lastKnownFileType = image.png; path = Icon.png; sourceTree = "<group>"; };
		67F7C24E19BE9FEA008ED59F /* Icon@2x.png */ = {isa = PBXFileReference; lastKnownFileType = image.png; path = "Icon@2x.png"; sourceTree = "<group>"; };
		67F7C25219BE9FEA008ED59F /* Icon-40.png */ = {isa = PBXFileReference; lastKnownFileType = image.png; path = "Icon-40.png"; sourceTree = "<group>"; };
		67F7C25319BE9FEA008ED59F /* Icon-40@2x.png */ = {isa = PBXFileReference; lastKnownFileType = image.png; path = "Icon-40@2x.png"; sourceTree = "<group>"; };
		67F7C25419BE9FEA008ED59F /* Icon-60.png */ = {isa = PBXFileReference; lastKnownFileType = image.png; path = "Icon-60.png"; sourceTree = "<group>"; };
		67F7C25519BE9FEA008ED59F /* Icon-60@2x.png */ = {isa = PBXFileReference; lastKnownFileType = image.png; path = "Icon-60@2x.png"; sourceTree = "<group>"; };
		67F7C25819BE9FEA008ED59F /* Icon-76.png */ = {isa = PBXFileReference; lastKnownFileType = image.png; path = "Icon-76.png"; sourceTree = "<group>"; };
		67F7C25919BE9FEA008ED59F /* Icon-76@2x.png */ = {isa = PBXFileReference; lastKnownFileType = image.png; path = "Icon-76@2x.png"; sourceTree = "<group>"; };
		67F7C26019BE9FEA008ED59F /* iTunesArtwork.png */ = {isa = PBXFileReference; lastKnownFileType = image.png; path = iTunesArtwork.png; sourceTree = "<group>"; };
		67F7C26119BE9FEA008ED59F /* iTunesArtwork@2x.png */ = {isa = PBXFileReference; lastKnownFileType = image.png; path = "iTunesArtwork@2x.png"; sourceTree = "<group>"; };
/* End PBXFileReference section */

/* Begin PBXFrameworksBuildPhase section */
		670591E619BBAC630039DAE1 /* Frameworks */ = {
			isa = PBXFrameworksBuildPhase;
			buildActionMask = 2147483647;
			files = (
				6705924019BBEBC40039DAE1 /* Social.framework in Frameworks */,
				671EEB1F19C0972100C5A0F2 /* FacebookSDK.framework in Frameworks */,
				6705923E19BBE22D0039DAE1 /* MessageUI.framework in Frameworks */,
				6705923B19BBD0060039DAE1 /* UIKit.framework in Frameworks */,
				6705921019BBB7430039DAE1 /* AdSupport.framework in Frameworks */,
			);
			runOnlyForDeploymentPostprocessing = 0;
		};
/* End PBXFrameworksBuildPhase section */

/* Begin PBXGroup section */
		670591E019BBAC630039DAE1 = {
			isa = PBXGroup;
			children = (
				671EEB1E19C0972100C5A0F2 /* FacebookSDK.framework */,
				6705923F19BBEBC40039DAE1 /* Social.framework */,
				6705923D19BBE22D0039DAE1 /* MessageUI.framework */,
				6705923A19BBD0060039DAE1 /* UIKit.framework */,
				6705920F19BBB7430039DAE1 /* AdSupport.framework */,
				670591EB19BBAC630039DAE1 /* BranchBots */,
				670591EA19BBAC630039DAE1 /* Products */,
			);
			sourceTree = "<group>";
		};
		670591EA19BBAC630039DAE1 /* Products */ = {
			isa = PBXGroup;
			children = (
				670591E919BBAC630039DAE1 /* Branchsters.app */,
			);
			name = Products;
			sourceTree = "<group>";
		};
		670591EB19BBAC630039DAE1 /* BranchBots */ = {
			isa = PBXGroup;
			children = (
				6705924119BBF4A70039DAE1 /* Images */,
				6705922819BBBD490039DAE1 /* NetworkProgressBar.m */,
				6705922919BBBD490039DAE1 /* NetworkProgressBar.h */,
				6705921119BBB8AA0039DAE1 /* ExternalLibs */,
				670591F019BBAC630039DAE1 /* AppDelegate.h */,
				670591F119BBAC630039DAE1 /* AppDelegate.m */,
				670591F319BBAC630039DAE1 /* BotViewerViewController.h */,
				670591F419BBAC630039DAE1 /* BotViewerViewController.m */,
				6705922519BBB9920039DAE1 /* BotMakerViewController.h */,
				6705922619BBB9920039DAE1 /* BotMakerViewController.m */,
				6705927619BC3C090039DAE1 /* ImageCollectionViewCell.h */,
				6705927719BC3C090039DAE1 /* ImageCollectionViewCell.m */,
				670591F619BBAC630039DAE1 /* Main.storyboard */,
				670591F919BBAC630039DAE1 /* Images.xcassets */,
				670591EC19BBAC630039DAE1 /* Supporting Files */,
				6705922B19BBBF6D0039DAE1 /* SplashViewController.h */,
				6705922C19BBBF6D0039DAE1 /* SplashViewController.m */,
				6705923419BBCDC70039DAE1 /* RobotPreferences.h */,
				6705923519BBCDC70039DAE1 /* RobotPreferences.m */,
				6705923719BBCFB40039DAE1 /* RobotPartsFactory.h */,
				6705923819BBCFB40039DAE1 /* RobotPartsFactory.m */,
			);
			path = BranchBots;
			sourceTree = "<group>";
		};
		670591EC19BBAC630039DAE1 /* Supporting Files */ = {
			isa = PBXGroup;
			children = (
				670591ED19BBAC630039DAE1 /* Info.plist */,
				670591EE19BBAC630039DAE1 /* main.m */,
			);
			name = "Supporting Files";
			sourceTree = "<group>";
		};
		6705921119BBB8AA0039DAE1 /* ExternalLibs */ = {
			isa = PBXGroup;
			children = (
				6705921219BBB8AA0039DAE1 /* Branch-SDK */,
			);
			path = ExternalLibs;
			sourceTree = "<group>";
		};
		6705921219BBB8AA0039DAE1 /* Branch-SDK */ = {
			isa = PBXGroup;
			children = (
				6705921319BBB8AA0039DAE1 /* Branch.h */,
				6705921419BBB8AA0039DAE1 /* Branch.m */,
				6705921519BBB8AA0039DAE1 /* BranchServerInterface.h */,
				6705921619BBB8AA0039DAE1 /* BranchServerInterface.m */,
				6705921719BBB8AA0039DAE1 /* PreferenceHelper.h */,
				6705921819BBB8AA0039DAE1 /* PreferenceHelper.m */,
				6705921919BBB8AA0039DAE1 /* ServerInterface.h */,
				6705921A19BBB8AA0039DAE1 /* ServerInterface.m */,
				6705921B19BBB8AA0039DAE1 /* ServerRequest.h */,
				6705921C19BBB8AA0039DAE1 /* ServerRequest.m */,
				6705921D19BBB8AA0039DAE1 /* SystemObserver.h */,
				6705921E19BBB8AA0039DAE1 /* SystemObserver.m */,
			);
			path = "Branch-SDK";
			sourceTree = "<group>";
		};
		6705924119BBF4A70039DAE1 /* Images */ = {
			isa = PBXGroup;
			children = (
				67F7C24619BE9FEA008ED59F /* ios */,
				67F7C25119BE9FEA008ED59F /* ios7 */,
				67F7C24419BE9842008ED59F /* branchster.png */,
				67F7C23E19BE930E008ED59F /* 250.png */,
				67F7C23F19BE930E008ED59F /* 400.png */,
				67F7C24019BE930E008ED59F /* splashfactory.png */,
				6705926619BC228A0039DAE1 /* down_pressed.png */,
				6705926719BC228A0039DAE1 /* down.png */,
				6705926819BC228A0039DAE1 /* left_pressed.png */,
				6705926919BC228A0039DAE1 /* left.png */,
				6705926A19BC228A0039DAE1 /* right_pressed.png */,
				6705926B19BC228A0039DAE1 /* right.png */,
				6705926C19BC228A0039DAE1 /* up_pressed.png */,
				6705926D19BC228A0039DAE1 /* up.png */,
				6705925619BC225D0039DAE1 /* email_pressed.png */,
				6705925719BC225D0039DAE1 /* email_share.png */,
				6705925819BC225D0039DAE1 /* facebook_pressed.png */,
				6705925919BC225D0039DAE1 /* facebook_share.png */,
				6705925A19BC225D0039DAE1 /* text_pressed.png */,
				6705925B19BC225D0039DAE1 /* text_share.png */,
				6705925C19BC225D0039DAE1 /* twitter_pressed.png */,
				6705925D19BC225D0039DAE1 /* twitter_share.png */,
				6705924319BBF4B40039DAE1 /* 0body.png */,
				6705924219BBF4B40039DAE1 /* 1body.png */,
				6705924619BBF4B40039DAE1 /* 2body.png */,
				6705924419BBF4B40039DAE1 /* 3body.png */,
				6705924519BBF4B40039DAE1 /* 4body.png */,
				6705924C19BC20FB0039DAE1 /* face0.png */,
				6705924D19BC20FB0039DAE1 /* face1.png */,
				6705924E19BC20FB0039DAE1 /* face2.png */,
				6705924F19BC20FB0039DAE1 /* face3.png */,
				6705925019BC20FB0039DAE1 /* face4.png */,
			);
			name = Images;
			sourceTree = "<group>";
		};
		67F7C24619BE9FEA008ED59F /* ios */ = {
			isa = PBXGroup;
			children = (
				67F7C24719BE9FEA008ED59F /* Icon-72.png */,
				67F7C24819BE9FEA008ED59F /* Icon-72@2x.png */,
				67F7C24919BE9FEA008ED59F /* Icon-Small-50.png */,
				67F7C24A19BE9FEA008ED59F /* Icon-Small-50@2x.png */,
				67F7C24B19BE9FEA008ED59F /* Icon-Small.png */,
				67F7C24C19BE9FEA008ED59F /* Icon-Small@2x.png */,
				67F7C24D19BE9FEA008ED59F /* Icon.png */,
				67F7C24E19BE9FEA008ED59F /* Icon@2x.png */,
			);
			path = ios;
			sourceTree = "<group>";
		};
		67F7C25119BE9FEA008ED59F /* ios7 */ = {
			isa = PBXGroup;
			children = (
				67F7C25219BE9FEA008ED59F /* Icon-40.png */,
				67F7C25319BE9FEA008ED59F /* Icon-40@2x.png */,
				67F7C25419BE9FEA008ED59F /* Icon-60.png */,
				67F7C25519BE9FEA008ED59F /* Icon-60@2x.png */,
				67F7C25819BE9FEA008ED59F /* Icon-76.png */,
				67F7C25919BE9FEA008ED59F /* Icon-76@2x.png */,
				67F7C26019BE9FEA008ED59F /* iTunesArtwork.png */,
				67F7C26119BE9FEA008ED59F /* iTunesArtwork@2x.png */,
			);
			path = ios7;
			sourceTree = "<group>";
		};
/* End PBXGroup section */

/* Begin PBXNativeTarget section */
		670591E819BBAC630039DAE1 /* BranchBots */ = {
			isa = PBXNativeTarget;
			buildConfigurationList = 6705920919BBAC630039DAE1 /* Build configuration list for PBXNativeTarget "BranchBots" */;
			buildPhases = (
				670591E519BBAC630039DAE1 /* Sources */,
				670591E619BBAC630039DAE1 /* Frameworks */,
				670591E719BBAC630039DAE1 /* Resources */,
			);
			buildRules = (
			);
			dependencies = (
			);
			name = BranchBots;
			productName = BranchBots;
			productReference = 670591E919BBAC630039DAE1 /* Branchsters.app */;
			productType = "com.apple.product-type.application";
		};
/* End PBXNativeTarget section */

/* Begin PBXProject section */
		670591E119BBAC630039DAE1 /* Project object */ = {
			isa = PBXProject;
			attributes = {
				LastUpgradeCheck = 0600;
				ORGANIZATIONNAME = Branch;
				TargetAttributes = {
					670591E819BBAC630039DAE1 = {
						CreatedOnToolsVersion = 6.0;
					};
				};
			};
			buildConfigurationList = 670591E419BBAC630039DAE1 /* Build configuration list for PBXProject "BranchBots" */;
			compatibilityVersion = "Xcode 3.2";
			developmentRegion = English;
			hasScannedForEncodings = 0;
			knownRegions = (
				en,
				Base,
			);
			mainGroup = 670591E019BBAC630039DAE1;
			productRefGroup = 670591EA19BBAC630039DAE1 /* Products */;
			projectDirPath = "";
			projectRoot = "";
			targets = (
				670591E819BBAC630039DAE1 /* BranchBots */,
			);
		};
/* End PBXProject section */

/* Begin PBXResourcesBuildPhase section */
		670591E719BBAC630039DAE1 /* Resources */ = {
			isa = PBXResourcesBuildPhase;
			buildActionMask = 2147483647;
			files = (
				6705927519BC228A0039DAE1 /* up.png in Resources */,
				6705925419BC20FB0039DAE1 /* face3.png in Resources */,
				6705926119BC225D0039DAE1 /* facebook_share.png in Resources */,
				6705925519BC20FB0039DAE1 /* face4.png in Resources */,
				6705926419BC225D0039DAE1 /* twitter_pressed.png in Resources */,
				67F7C26E19BE9FEA008ED59F /* Icon-60.png in Resources */,
				6705927419BC228A0039DAE1 /* up_pressed.png in Resources */,
				67F7C26C19BE9FEA008ED59F /* Icon-40.png in Resources */,
				67F7C27A19BE9FEA008ED59F /* iTunesArtwork.png in Resources */,
				67F7C24319BE930E008ED59F /* splashfactory.png in Resources */,
				6705927319BC228A0039DAE1 /* right.png in Resources */,
				6705927119BC228A0039DAE1 /* left.png in Resources */,
				67F7C26919BE9FEA008ED59F /* Icon@2x.png in Resources */,
				670591F819BBAC630039DAE1 /* Main.storyboard in Resources */,
				67F7C26F19BE9FEA008ED59F /* Icon-60@2x.png in Resources */,
				6705924719BBF4B40039DAE1 /* 1body.png in Resources */,
				6705925219BC20FB0039DAE1 /* face1.png in Resources */,
				67F7C27B19BE9FEA008ED59F /* iTunesArtwork@2x.png in Resources */,
				6705924919BBF4B40039DAE1 /* 3body.png in Resources */,
				67F7C24519BE9842008ED59F /* branchster.png in Resources */,
				67F7C27319BE9FEA008ED59F /* Icon-76@2x.png in Resources */,
				67F7C26219BE9FEA008ED59F /* Icon-72.png in Resources */,
				67F7C26619BE9FEA008ED59F /* Icon-Small.png in Resources */,
				6705926219BC225D0039DAE1 /* text_pressed.png in Resources */,
				6705926F19BC228A0039DAE1 /* down.png in Resources */,
				6705925119BC20FB0039DAE1 /* face0.png in Resources */,
				67F7C26519BE9FEA008ED59F /* Icon-Small-50@2x.png in Resources */,
				6705924819BBF4B40039DAE1 /* 0body.png in Resources */,
				67F7C26719BE9FEA008ED59F /* Icon-Small@2x.png in Resources */,
				6705926019BC225D0039DAE1 /* facebook_pressed.png in Resources */,
				6705927019BC228A0039DAE1 /* left_pressed.png in Resources */,
				6705924B19BBF4B40039DAE1 /* 2body.png in Resources */,
				67F7C26419BE9FEA008ED59F /* Icon-Small-50.png in Resources */,
				67F7C26319BE9FEA008ED59F /* Icon-72@2x.png in Resources */,
				6705925319BC20FB0039DAE1 /* face2.png in Resources */,
				6705925F19BC225D0039DAE1 /* email_share.png in Resources */,
				6705926319BC225D0039DAE1 /* text_share.png in Resources */,
				67F7C24219BE930E008ED59F /* 400.png in Resources */,
				6705925E19BC225D0039DAE1 /* email_pressed.png in Resources */,
				6705927219BC228A0039DAE1 /* right_pressed.png in Resources */,
				67F7C26819BE9FEA008ED59F /* Icon.png in Resources */,
				67F7C26D19BE9FEA008ED59F /* Icon-40@2x.png in Resources */,
				6705926519BC225D0039DAE1 /* twitter_share.png in Resources */,
				6705924A19BBF4B40039DAE1 /* 4body.png in Resources */,
				67F7C27219BE9FEA008ED59F /* Icon-76.png in Resources */,
				67F7C24119BE930E008ED59F /* 250.png in Resources */,
				670591FA19BBAC630039DAE1 /* Images.xcassets in Resources */,
				6705926E19BC228A0039DAE1 /* down_pressed.png in Resources */,
			);
			runOnlyForDeploymentPostprocessing = 0;
		};
/* End PBXResourcesBuildPhase section */

/* Begin PBXSourcesBuildPhase section */
		670591E519BBAC630039DAE1 /* Sources */ = {
			isa = PBXSourcesBuildPhase;
			buildActionMask = 2147483647;
			files = (
				670591F519BBAC630039DAE1 /* BotViewerViewController.m in Sources */,
				6705922219BBB8AA0039DAE1 /* ServerInterface.m in Sources */,
				6705922319BBB8AA0039DAE1 /* ServerRequest.m in Sources */,
				6705921F19BBB8AA0039DAE1 /* Branch.m in Sources */,
				6705922119BBB8AA0039DAE1 /* PreferenceHelper.m in Sources */,
				6705922019BBB8AA0039DAE1 /* BranchServerInterface.m in Sources */,
				6705922A19BBBD490039DAE1 /* NetworkProgressBar.m in Sources */,
				6705927819BC3C090039DAE1 /* ImageCollectionViewCell.m in Sources */,
				670591F219BBAC630039DAE1 /* AppDelegate.m in Sources */,
				6705922419BBB8AA0039DAE1 /* SystemObserver.m in Sources */,
				670591EF19BBAC630039DAE1 /* main.m in Sources */,
				6705922719BBB9920039DAE1 /* BotMakerViewController.m in Sources */,
				6705923619BBCDC70039DAE1 /* RobotPreferences.m in Sources */,
				6705923919BBCFB40039DAE1 /* RobotPartsFactory.m in Sources */,
				6705922D19BBBF6D0039DAE1 /* SplashViewController.m in Sources */,
			);
			runOnlyForDeploymentPostprocessing = 0;
		};
/* End PBXSourcesBuildPhase section */

/* Begin PBXVariantGroup section */
		670591F619BBAC630039DAE1 /* Main.storyboard */ = {
			isa = PBXVariantGroup;
			children = (
				670591F719BBAC630039DAE1 /* Base */,
			);
			name = Main.storyboard;
			sourceTree = "<group>";
		};
/* End PBXVariantGroup section */

/* Begin XCBuildConfiguration section */
		6705920719BBAC630039DAE1 /* Debug */ = {
			isa = XCBuildConfiguration;
			buildSettings = {
				ALWAYS_SEARCH_USER_PATHS = NO;
				CLANG_CXX_LANGUAGE_STANDARD = "gnu++0x";
				CLANG_CXX_LIBRARY = "libc++";
				CLANG_ENABLE_MODULES = YES;
				CLANG_ENABLE_OBJC_ARC = YES;
				CLANG_WARN_BOOL_CONVERSION = YES;
				CLANG_WARN_CONSTANT_CONVERSION = YES;
				CLANG_WARN_DIRECT_OBJC_ISA_USAGE = YES_ERROR;
				CLANG_WARN_EMPTY_BODY = YES;
				CLANG_WARN_ENUM_CONVERSION = YES;
				CLANG_WARN_INT_CONVERSION = YES;
				CLANG_WARN_OBJC_ROOT_CLASS = YES_ERROR;
				CLANG_WARN_UNREACHABLE_CODE = YES;
				CLANG_WARN__DUPLICATE_METHOD_MATCH = YES;
				"CODE_SIGN_IDENTITY[sdk=iphoneos*]" = "iPhone Developer";
				COPY_PHASE_STRIP = NO;
				ENABLE_STRICT_OBJC_MSGSEND = YES;
				GCC_C_LANGUAGE_STANDARD = gnu99;
				GCC_DYNAMIC_NO_PIC = NO;
				GCC_OPTIMIZATION_LEVEL = 0;
				GCC_PREPROCESSOR_DEFINITIONS = (
					"DEBUG=1",
					"$(inherited)",
				);
				GCC_SYMBOLS_PRIVATE_EXTERN = NO;
				GCC_WARN_64_TO_32_BIT_CONVERSION = YES;
				GCC_WARN_ABOUT_RETURN_TYPE = YES_ERROR;
				GCC_WARN_UNDECLARED_SELECTOR = YES;
				GCC_WARN_UNINITIALIZED_AUTOS = YES_AGGRESSIVE;
				GCC_WARN_UNUSED_FUNCTION = YES;
				GCC_WARN_UNUSED_VARIABLE = YES;
				IPHONEOS_DEPLOYMENT_TARGET = 6.0;
				MTL_ENABLE_DEBUG_INFO = YES;
				ONLY_ACTIVE_ARCH = YES;
				SDKROOT = iphoneos;
				TARGETED_DEVICE_FAMILY = "1,2";
			};
			name = Debug;
		};
		6705920819BBAC630039DAE1 /* Release */ = {
			isa = XCBuildConfiguration;
			buildSettings = {
				ALWAYS_SEARCH_USER_PATHS = NO;
				CLANG_CXX_LANGUAGE_STANDARD = "gnu++0x";
				CLANG_CXX_LIBRARY = "libc++";
				CLANG_ENABLE_MODULES = YES;
				CLANG_ENABLE_OBJC_ARC = YES;
				CLANG_WARN_BOOL_CONVERSION = YES;
				CLANG_WARN_CONSTANT_CONVERSION = YES;
				CLANG_WARN_DIRECT_OBJC_ISA_USAGE = YES_ERROR;
				CLANG_WARN_EMPTY_BODY = YES;
				CLANG_WARN_ENUM_CONVERSION = YES;
				CLANG_WARN_INT_CONVERSION = YES;
				CLANG_WARN_OBJC_ROOT_CLASS = YES_ERROR;
				CLANG_WARN_UNREACHABLE_CODE = YES;
				CLANG_WARN__DUPLICATE_METHOD_MATCH = YES;
				"CODE_SIGN_IDENTITY[sdk=iphoneos*]" = "iPhone Developer";
				COPY_PHASE_STRIP = YES;
				ENABLE_NS_ASSERTIONS = NO;
				ENABLE_STRICT_OBJC_MSGSEND = YES;
				GCC_C_LANGUAGE_STANDARD = gnu99;
				GCC_WARN_64_TO_32_BIT_CONVERSION = YES;
				GCC_WARN_ABOUT_RETURN_TYPE = YES_ERROR;
				GCC_WARN_UNDECLARED_SELECTOR = YES;
				GCC_WARN_UNINITIALIZED_AUTOS = YES_AGGRESSIVE;
				GCC_WARN_UNUSED_FUNCTION = YES;
				GCC_WARN_UNUSED_VARIABLE = YES;
				IPHONEOS_DEPLOYMENT_TARGET = 6.0;
				MTL_ENABLE_DEBUG_INFO = NO;
				SDKROOT = iphoneos;
				TARGETED_DEVICE_FAMILY = "1,2";
				VALIDATE_PRODUCT = YES;
			};
			name = Release;
		};
		6705920A19BBAC630039DAE1 /* Debug */ = {
			isa = XCBuildConfiguration;
			buildSettings = {
				ASSETCATALOG_COMPILER_APPICON_NAME = AppIcon;
				ASSETCATALOG_COMPILER_LAUNCHIMAGE_NAME = LaunchImage;
				FRAMEWORK_SEARCH_PATHS = (
					"$(inherited)",
					"$(PROJECT_DIR)/BranchBots",
				);
				INFOPLIST_FILE = BranchBots/Info.plist;
				LD_RUNPATH_SEARCH_PATHS = "$(inherited) @executable_path/Frameworks";
				PRODUCT_NAME = Branchsters;
				PROVISIONING_PROFILE = "4304882d-94a3-4381-87b7-d4fdb18ad83a";
			};
			name = Debug;
		};
		6705920B19BBAC630039DAE1 /* Release */ = {
			isa = XCBuildConfiguration;
			buildSettings = {
				ASSETCATALOG_COMPILER_APPICON_NAME = AppIcon;
				ASSETCATALOG_COMPILER_LAUNCHIMAGE_NAME = LaunchImage;
				FRAMEWORK_SEARCH_PATHS = (
					"$(inherited)",
					"$(PROJECT_DIR)/BranchBots",
				);
				INFOPLIST_FILE = BranchBots/Info.plist;
				LD_RUNPATH_SEARCH_PATHS = "$(inherited) @executable_path/Frameworks";
				PRODUCT_NAME = Branchsters;
				PROVISIONING_PROFILE = "4304882d-94a3-4381-87b7-d4fdb18ad83a";
			};
			name = Release;
		};
/* End XCBuildConfiguration section */

/* Begin XCConfigurationList section */
		670591E419BBAC630039DAE1 /* Build configuration list for PBXProject "BranchBots" */ = {
			isa = XCConfigurationList;
			buildConfigurations = (
				6705920719BBAC630039DAE1 /* Debug */,
				6705920819BBAC630039DAE1 /* Release */,
			);
			defaultConfigurationIsVisible = 0;
			defaultConfigurationName = Release;
		};
		6705920919BBAC630039DAE1 /* Build configuration list for PBXNativeTarget "BranchBots" */ = {
			isa = XCConfigurationList;
			buildConfigurations = (
				6705920A19BBAC630039DAE1 /* Debug */,
				6705920B19BBAC630039DAE1 /* Release */,
			);
			defaultConfigurationIsVisible = 0;
			defaultConfigurationName = Release;
		};
/* End XCConfigurationList section */
	};
	rootObject = 670591E119BBAC630039DAE1 /* Project object */;
}
