{
  "pins" : [
    {
      "identity" : "facebook-ios-sdk",
      "kind" : "remoteSourceControl",
      "location" : "https://github.com/facebook/facebook-ios-sdk",
      "state" : {
        "revision" : "b876a077ae4b0568ae7e5b7a869aa13c161cc661",
        "version" : "11.1.0"
      }
    },
    {
      "identity" : "ios-branch-sdk-spm",
      "kind" : "remoteSourceControl",
      "location" : "https://github.com/BranchMetrics/ios-branch-sdk-spm",
      "state" : {
        "revision" : "37d0fb8ff04098807957b1d387812ed8f96fbdc7",
        "version" : "3.8.0"
      }
    }
  ],
  "version" : 2
}
