{
  "object": {
    "pins": [
      {
        "package": "Branch",
        "repositoryURL": "https://github.com/BranchMetrics/ios-branch-sdk-spm",
        "state": {
          "branch": null,
          "revision": "a189a664f7c7bcb43245e3c244cb71af5f7a25e2",
          "version": "1.42.0"
        }
      }
    ]
  },
  "version": 1
}
